
Microsoft Visual Studio Solution File, Format Version 12.00
# Visual Studio 15
VisualStudioVersion = 15.0.28307.539
MinimumVisualStudioVersion = 10.0.40219.1
Project("{9A19103F-16F7-4668-BE54-9A1E7A4F7556}") = "Pinger", "Pinger\Pinger.csproj", "{8E3F8FAE-C33A-42A8-B187-81B0D54265FA}"
EndProject
Project("{FAE04EC0-301F-11D3-BF4B-00C04F79EFBC}") = "PingerTest", "PingerTest\PingerTest.csproj", "{8761E8DF-CB41-495D-814B-D7FD637862FB}"
EndProject
Global
	GlobalSection(SolutionConfigurationPlatforms) = preSolution
		Debug|Any CPU = Debug|Any CPU
		Release|Any CPU = Release|Any CPU
	EndGlobalSection
	GlobalSection(ProjectConfigurationPlatforms) = postSolution
		{8E3F8FAE-C33A-42A8-B187-81B0D54265FA}.Debug|Any CPU.ActiveCfg = Debug|Any CPU
		{8E3F8FAE-C33A-42A8-B187-81B0D54265FA}.Debug|Any CPU.Build.0 = Debug|Any CPU
		{8E3F8FAE-C33A-42A8-B187-81B0D54265FA}.Release|Any CPU.ActiveCfg = Release|Any CPU
		{8E3F8FAE-C33A-42A8-B187-81B0D54265FA}.Release|Any CPU.Build.0 = Release|Any CPU
		{8761E8DF-CB41-495D-814B-D7FD637862FB}.Debug|Any CPU.ActiveCfg = Debug|Any CPU
		{8761E8DF-CB41-495D-814B-D7FD637862FB}.Debug|Any CPU.Build.0 = Debug|Any CPU
		{8761E8DF-CB41-495D-814B-D7FD637862FB}.Release|Any CPU.ActiveCfg = Release|Any CPU
		{8761E8DF-CB41-495D-814B-D7FD637862FB}.Release|Any CPU.Build.0 = Release|Any CPU
	EndGlobalSection
	GlobalSection(SolutionProperties) = preSolution
		HideSolutionNode = FALSE
	EndGlobalSection
	GlobalSection(ExtensibilityGlobals) = postSolution
		SolutionGuid = {7717495C-3267-4CF3-8669-ADA3834CCC73}
	EndGlobalSection
EndGlobal
